// !$*UTF8*$!
{
	archiveVersion = 1;
	classes = {
	};
	objectVersion = 48;
	objects = {

/* Begin PBXBuildFile section */
		A16DCA821FCCD8BE007EB7F6 /* AppDelegate.swift in Sources */ = {isa = PBXBuildFile; fileRef = A16DCA811FCCD8BE007EB7F6 /* AppDelegate.swift */; };
		A16DCA841FCCD8BE007EB7F6 /* ViewController.swift in Sources */ = {isa = PBXBuildFile; fileRef = A16DCA831FCCD8BE007EB7F6 /* ViewController.swift */; };
		A16DCA871FCCD8BE007EB7F6 /* Main.storyboard in Resources */ = {isa = PBXBuildFile; fileRef = A16DCA851FCCD8BE007EB7F6 /* Main.storyboard */; };
		A16DCA891FCCD8BE007EB7F6 /* Assets.xcassets in Resources */ = {isa = PBXBuildFile; fileRef = A16DCA881FCCD8BE007EB7F6 /* Assets.xcassets */; };
		A16DCA8C1FCCD8BE007EB7F6 /* LaunchScreen.storyboard in Resources */ = {isa = PBXBuildFile; fileRef = A16DCA8A1FCCD8BE007EB7F6 /* LaunchScreen.storyboard */; };
		A16DCA971FCCD8BF007EB7F6 /* BoilerplateWarsTests.swift in Sources */ = {isa = PBXBuildFile; fileRef = A16DCA961FCCD8BF007EB7F6 /* BoilerplateWarsTests.swift */; };
/* End PBXBuildFile section */

/* Begin PBXContainerItemProxy section */
		A16DCA931FCCD8BF007EB7F6 /* PBXContainerItemProxy */ = {
			isa = PBXContainerItemProxy;
			containerPortal = A16DCA761FCCD8BE007EB7F6 /* Project object */;
			proxyType = 1;
			remoteGlobalIDString = A16DCA7D1FCCD8BE007EB7F6;
			remoteInfo = BoilerplateWars;
		};
/* End PBXContainerItemProxy section */

/* Begin PBXFileReference section */
		A16DCA7E1FCCD8BE007EB7F6 /* BoilerplateWars.app */ = {isa = PBXFileReference; explicitFileType = wrapper.application; includeInIndex = 0; path = BoilerplateWars.app; sourceTree = BUILT_PRODUCTS_DIR; };
		A16DCA811FCCD8BE007EB7F6 /* AppDelegate.swift */ = {isa = PBXFileReference; lastKnownFileType = sourcecode.swift; path = AppDelegate.swift; sourceTree = "<group>"; };
		A16DCA831FCCD8BE007EB7F6 /* ViewController.swift */ = {isa = PBXFileReference; lastKnownFileType = sourcecode.swift; path = ViewController.swift; sourceTree = "<group>"; };
		A16DCA861FCCD8BE007EB7F6 /* Base */ = {isa = PBXFileReference; lastKnownFileType = file.storyboard; name = Base; path = Base.lproj/Main.storyboard; sourceTree = "<group>"; };
		A16DCA881FCCD8BE007EB7F6 /* Assets.xcassets */ = {isa = PBXFileReference; lastKnownFileType = folder.assetcatalog; path = Assets.xcassets; sourceTree = "<group>"; };
		A16DCA8B1FCCD8BE007EB7F6 /* Base */ = {isa = PBXFileReference; lastKnownFileType = file.storyboard; name = Base; path = Base.lproj/LaunchScreen.storyboard; sourceTree = "<group>"; };
		A16DCA8D1FCCD8BE007EB7F6 /* Info.plist */ = {isa = PBXFileReference; lastKnownFileType = text.plist.xml; path = Info.plist; sourceTree = "<group>"; };
		A16DCA921FCCD8BE007EB7F6 /* BoilerplateWarsTests.xctest */ = {isa = PBXFileReference; explicitFileType = wrapper.cfbundle; includeInIndex = 0; path = BoilerplateWarsTests.xctest; sourceTree = BUILT_PRODUCTS_DIR; };
		A16DCA961FCCD8BF007EB7F6 /* BoilerplateWarsTests.swift */ = {isa = PBXFileReference; lastKnownFileType = sourcecode.swift; path = BoilerplateWarsTests.swift; sourceTree = "<group>"; };
		A16DCA981FCCD8BF007EB7F6 /* Info.plist */ = {isa = PBXFileReference; lastKnownFileType = text.plist.xml; path = Info.plist; sourceTree = "<group>"; };
/* End PBXFileReference section */

/* Begin PBXFrameworksBuildPhase section */
		A16DCA7B1FCCD8BE007EB7F6 /* Frameworks */ = {
			isa = PBXFrameworksBuildPhase;
			buildActionMask = 2147483647;
			files = (
			);
			runOnlyForDeploymentPostprocessing = 0;
		};
		A16DCA8F1FCCD8BE007EB7F6 /* Frameworks */ = {
			isa = PBXFrameworksBuildPhase;
			buildActionMask = 2147483647;
			files = (
			);
			runOnlyForDeploymentPostprocessing = 0;
		};
/* End PBXFrameworksBuildPhase section */

/* Begin PBXGroup section */
		A16DCA751FCCD8BE007EB7F6 = {
			isa = PBXGroup;
			children = (
				A16DCA801FCCD8BE007EB7F6 /* BoilerplateWars */,
				A16DCA951FCCD8BF007EB7F6 /* BoilerplateWarsTests */,
				A16DCA7F1FCCD8BE007EB7F6 /* Products */,
			);
			sourceTree = "<group>";
		};
		A16DCA7F1FCCD8BE007EB7F6 /* Products */ = {
			isa = PBXGroup;
			children = (
				A16DCA7E1FCCD8BE007EB7F6 /* BoilerplateWars.app */,
				A16DCA921FCCD8BE007EB7F6 /* BoilerplateWarsTests.xctest */,
			);
			name = Products;
			sourceTree = "<group>";
		};
		A16DCA801FCCD8BE007EB7F6 /* BoilerplateWars */ = {
			isa = PBXGroup;
			children = (
				A16DCA811FCCD8BE007EB7F6 /* AppDelegate.swift */,
				A16DCA831FCCD8BE007EB7F6 /* ViewController.swift */,
				A16DCA851FCCD8BE007EB7F6 /* Main.storyboard */,
				A16DCA881FCCD8BE007EB7F6 /* Assets.xcassets */,
				A16DCA8A1FCCD8BE007EB7F6 /* LaunchScreen.storyboard */,
				A16DCA8D1FCCD8BE007EB7F6 /* Info.plist */,
			);
			path = BoilerplateWars;
			sourceTree = "<group>";
		};
		A16DCA951FCCD8BF007EB7F6 /* BoilerplateWarsTests */ = {
			isa = PBXGroup;
			children = (
				A16DCA961FCCD8BF007EB7F6 /* BoilerplateWarsTests.swift */,
				A16DCA981FCCD8BF007EB7F6 /* Info.plist */,
			);
			path = BoilerplateWarsTests;
			sourceTree = "<group>";
		};
/* End PBXGroup section */

/* Begin PBXNativeTarget section */
		A16DCA7D1FCCD8BE007EB7F6 /* BoilerplateWars */ = {
			isa = PBXNativeTarget;
			buildConfigurationList = A16DCA9B1FCCD8BF007EB7F6 /* Build configuration list for PBXNativeTarget "BoilerplateWars" */;
			buildPhases = (
				A16DCA7A1FCCD8BE007EB7F6 /* Sources */,
				A16DCA7B1FCCD8BE007EB7F6 /* Frameworks */,
				A16DCA7C1FCCD8BE007EB7F6 /* Resources */,
			);
			buildRules = (
			);
			dependencies = (
			);
			name = BoilerplateWars;
			productName = BoilerplateWars;
			productReference = A16DCA7E1FCCD8BE007EB7F6 /* BoilerplateWars.app */;
			productType = "com.apple.product-type.application";
		};
		A16DCA911FCCD8BE007EB7F6 /* BoilerplateWarsTests */ = {
			isa = PBXNativeTarget;
			buildConfigurationList = A16DCA9E1FCCD8BF007EB7F6 /* Build configuration list for PBXNativeTarget "BoilerplateWarsTests" */;
			buildPhases = (
				A16DCA8E1FCCD8BE007EB7F6 /* Sources */,
				A16DCA8F1FCCD8BE007EB7F6 /* Frameworks */,
				A16DCA901FCCD8BE007EB7F6 /* Resources */,
			);
			buildRules = (
			);
			dependencies = (
				A16DCA941FCCD8BF007EB7F6 /* PBXTargetDependency */,
			);
			name = BoilerplateWarsTests;
			productName = BoilerplateWarsTests;
			productReference = A16DCA921FCCD8BE007EB7F6 /* BoilerplateWarsTests.xctest */;
			productType = "com.apple.product-type.bundle.unit-test";
		};
/* End PBXNativeTarget section */

/* Begin PBXProject section */
		A16DCA761FCCD8BE007EB7F6 /* Project object */ = {
			isa = PBXProject;
			attributes = {
				LastSwiftUpdateCheck = 0910;
				LastUpgradeCheck = 0910;
				ORGANIZATIONNAME = karumi;
				TargetAttributes = {
					A16DCA7D1FCCD8BE007EB7F6 = {
						CreatedOnToolsVersion = 9.1;
						ProvisioningStyle = Automatic;
					};
					A16DCA911FCCD8BE007EB7F6 = {
						CreatedOnToolsVersion = 9.1;
						ProvisioningStyle = Automatic;
						TestTargetID = A16DCA7D1FCCD8BE007EB7F6;
					};
				};
			};
			buildConfigurationList = A16DCA791FCCD8BE007EB7F6 /* Build configuration list for PBXProject "BoilerplateWars" */;
			compatibilityVersion = "Xcode 8.0";
			developmentRegion = en;
			hasScannedForEncodings = 0;
			knownRegions = (
				en,
				Base,
			);
			mainGroup = A16DCA751FCCD8BE007EB7F6;
			productRefGroup = A16DCA7F1FCCD8BE007EB7F6 /* Products */;
			projectDirPath = "";
			projectRoot = "";
			targets = (
				A16DCA7D1FCCD8BE007EB7F6 /* BoilerplateWars */,
				A16DCA911FCCD8BE007EB7F6 /* BoilerplateWarsTests */,
			);
		};
/* End PBXProject section */

/* Begin PBXResourcesBuildPhase section */
		A16DCA7C1FCCD8BE007EB7F6 /* Resources */ = {
			isa = PBXResourcesBuildPhase;
			buildActionMask = 2147483647;
			files = (
				A16DCA8C1FCCD8BE007EB7F6 /* LaunchScreen.storyboard in Resources */,
				A16DCA891FCCD8BE007EB7F6 /* Assets.xcassets in Resources */,
				A16DCA871FCCD8BE007EB7F6 /* Main.storyboard in Resources */,
			);
			runOnlyForDeploymentPostprocessing = 0;
		};
		A16DCA901FCCD8BE007EB7F6 /* Resources */ = {
			isa = PBXResourcesBuildPhase;
			buildActionMask = 2147483647;
			files = (
			);
			runOnlyForDeploymentPostprocessing = 0;
		};
/* End PBXResourcesBuildPhase section */

/* Begin PBXSourcesBuildPhase section */
		A16DCA7A1FCCD8BE007EB7F6 /* Sources */ = {
			isa = PBXSourcesBuildPhase;
			buildActionMask = 2147483647;
			files = (
				A16DCA841FCCD8BE007EB7F6 /* ViewController.swift in Sources */,
				A16DCA821FCCD8BE007EB7F6 /* AppDelegate.swift in Sources */,
			);
			runOnlyForDeploymentPostprocessing = 0;
		};
		A16DCA8E1FCCD8BE007EB7F6 /* Sources */ = {
			isa = PBXSourcesBuildPhase;
			buildActionMask = 2147483647;
			files = (
				A16DCA971FCCD8BF007EB7F6 /* BoilerplateWarsTests.swift in Sources */,
			);
			runOnlyForDeploymentPostprocessing = 0;
		};
/* End PBXSourcesBuildPhase section */

/* Begin PBXTargetDependency section */
		A16DCA941FCCD8BF007EB7F6 /* PBXTargetDependency */ = {
			isa = PBXTargetDependency;
			target = A16DCA7D1FCCD8BE007EB7F6 /* BoilerplateWars */;
			targetProxy = A16DCA931FCCD8BF007EB7F6 /* PBXContainerItemProxy */;
		};
/* End PBXTargetDependency section */

/* Begin PBXVariantGroup section */
		A16DCA851FCCD8BE007EB7F6 /* Main.storyboard */ = {
			isa = PBXVariantGroup;
			children = (
				A16DCA861FCCD8BE007EB7F6 /* Base */,
			);
			name = Main.storyboard;
			sourceTree = "<group>";
		};
		A16DCA8A1FCCD8BE007EB7F6 /* LaunchScreen.storyboard */ = {
			isa = PBXVariantGroup;
			children = (
				A16DCA8B1FCCD8BE007EB7F6 /* Base */,
			);
			name = LaunchScreen.storyboard;
			sourceTree = "<group>";
		};
/* End PBXVariantGroup section */

/* Begin XCBuildConfiguration section */
		A16DCA991FCCD8BF007EB7F6 /* Debug */ = {
			isa = XCBuildConfiguration;
			buildSettings = {
				ALWAYS_SEARCH_USER_PATHS = NO;
				CLANG_ANALYZER_NONNULL = YES;
				CLANG_ANALYZER_NUMBER_OBJECT_CONVERSION = YES_AGGRESSIVE;
				CLANG_CXX_LANGUAGE_STANDARD = "gnu++14";
				CLANG_CXX_LIBRARY = "libc++";
				CLANG_ENABLE_MODULES = YES;
				CLANG_ENABLE_OBJC_ARC = YES;
				CLANG_WARN_BLOCK_CAPTURE_AUTORELEASING = YES;
				CLANG_WARN_BOOL_CONVERSION = YES;
				CLANG_WARN_COMMA = YES;
				CLANG_WARN_CONSTANT_CONVERSION = YES;
				CLANG_WARN_DIRECT_OBJC_ISA_USAGE = YES_ERROR;
				CLANG_WARN_DOCUMENTATION_COMMENTS = YES;
				CLANG_WARN_EMPTY_BODY = YES;
				CLANG_WARN_ENUM_CONVERSION = YES;
				CLANG_WARN_INFINITE_RECURSION = YES;
				CLANG_WARN_INT_CONVERSION = YES;
				CLANG_WARN_NON_LITERAL_NULL_CONVERSION = YES;
				CLANG_WARN_OBJC_LITERAL_CONVERSION = YES;
				CLANG_WARN_OBJC_ROOT_CLASS = YES_ERROR;
				CLANG_WARN_RANGE_LOOP_ANALYSIS = YES;
				CLANG_WARN_STRICT_PROTOTYPES = YES;
				CLANG_WARN_SUSPICIOUS_MOVE = YES;
				CLANG_WARN_UNGUARDED_AVAILABILITY = YES_AGGRESSIVE;
				CLANG_WARN_UNREACHABLE_CODE = YES;
				CLANG_WARN__DUPLICATE_METHOD_MATCH = YES;
				CODE_SIGN_IDENTITY = "iPhone Developer";
				COPY_PHASE_STRIP = NO;
				DEBUG_INFORMATION_FORMAT = dwarf;
				ENABLE_STRICT_OBJC_MSGSEND = YES;
				ENABLE_TESTABILITY = YES;
				GCC_C_LANGUAGE_STANDARD = gnu11;
				GCC_DYNAMIC_NO_PIC = NO;
				GCC_NO_COMMON_BLOCKS = YES;
				GCC_OPTIMIZATION_LEVEL = 0;
				GCC_PREPROCESSOR_DEFINITIONS = (
					"DEBUG=1",
					"$(inherited)",
				);
				GCC_WARN_64_TO_32_BIT_CONVERSION = YES;
				GCC_WARN_ABOUT_RETURN_TYPE = YES_ERROR;
				GCC_WARN_UNDECLARED_SELECTOR = YES;
				GCC_WARN_UNINITIALIZED_AUTOS = YES_AGGRESSIVE;
				GCC_WARN_UNUSED_FUNCTION = YES;
				GCC_WARN_UNUSED_VARIABLE = YES;
				IPHONEOS_DEPLOYMENT_TARGET = 11.1;
				MTL_ENABLE_DEBUG_INFO = YES;
				ONLY_ACTIVE_ARCH = YES;
				SDKROOT = iphoneos;
				SWIFT_ACTIVE_COMPILATION_CONDITIONS = DEBUG;
				SWIFT_OPTIMIZATION_LEVEL = "-Onone";
			};
			name = Debug;
		};
		A16DCA9A1FCCD8BF007EB7F6 /* Release */ = {
			isa = XCBuildConfiguration;
			buildSettings = {
				ALWAYS_SEARCH_USER_PATHS = NO;
				CLANG_ANALYZER_NONNULL = YES;
				CLANG_ANALYZER_NUMBER_OBJECT_CONVERSION = YES_AGGRESSIVE;
				CLANG_CXX_LANGUAGE_STANDARD = "gnu++14";
				CLANG_CXX_LIBRARY = "libc++";
				CLANG_ENABLE_MODULES = YES;
				CLANG_ENABLE_OBJC_ARC = YES;
				CLANG_WARN_BLOCK_CAPTURE_AUTORELEASING = YES;
				CLANG_WARN_BOOL_CONVERSION = YES;
				CLANG_WARN_COMMA = YES;
				CLANG_WARN_CONSTANT_CONVERSION = YES;
				CLANG_WARN_DIRECT_OBJC_ISA_USAGE = YES_ERROR;
				CLANG_WARN_DOCUMENTATION_COMMENTS = YES;
				CLANG_WARN_EMPTY_BODY = YES;
				CLANG_WARN_ENUM_CONVERSION = YES;
				CLANG_WARN_INFINITE_RECURSION = YES;
				CLANG_WARN_INT_CONVERSION = YES;
				CLANG_WARN_NON_LITERAL_NULL_CONVERSION = YES;
				CLANG_WARN_OBJC_LITERAL_CONVERSION = YES;
				CLANG_WARN_OBJC_ROOT_CLASS = YES_ERROR;
				CLANG_WARN_RANGE_LOOP_ANALYSIS = YES;
				CLANG_WARN_STRICT_PROTOTYPES = YES;
				CLANG_WARN_SUSPICIOUS_MOVE = YES;
				CLANG_WARN_UNGUARDED_AVAILABILITY = YES_AGGRESSIVE;
				CLANG_WARN_UNREACHABLE_CODE = YES;
				CLANG_WARN__DUPLICATE_METHOD_MATCH = YES;
				CODE_SIGN_IDENTITY = "iPhone Developer";
				COPY_PHASE_STRIP = NO;
				DEBUG_INFORMATION_FORMAT = "dwarf-with-dsym";
				ENABLE_NS_ASSERTIONS = NO;
				ENABLE_STRICT_OBJC_MSGSEND = YES;
				GCC_C_LANGUAGE_STANDARD = gnu11;
				GCC_NO_COMMON_BLOCKS = YES;
				GCC_WARN_64_TO_32_BIT_CONVERSION = YES;
				GCC_WARN_ABOUT_RETURN_TYPE = YES_ERROR;
				GCC_WARN_UNDECLARED_SELECTOR = YES;
				GCC_WARN_UNINITIALIZED_AUTOS = YES_AGGRESSIVE;
				GCC_WARN_UNUSED_FUNCTION = YES;
				GCC_WARN_UNUSED_VARIABLE = YES;
				IPHONEOS_DEPLOYMENT_TARGET = 11.1;
				MTL_ENABLE_DEBUG_INFO = NO;
				SDKROOT = iphoneos;
				SWIFT_OPTIMIZATION_LEVEL = "-Owholemodule";
				VALIDATE_PRODUCT = YES;
			};
			name = Release;
		};
		A16DCA9C1FCCD8BF007EB7F6 /* Debug */ = {
			isa = XCBuildConfiguration;
			buildSettings = {
				ASSETCATALOG_COMPILER_APPICON_NAME = AppIcon;
				CODE_SIGN_STYLE = Automatic;
				DEVELOPMENT_TEAM = BD48FG9BMV;
				INFOPLIST_FILE = BoilerplateWars/Info.plist;
				LD_RUNPATH_SEARCH_PATHS = "$(inherited) @executable_path/Frameworks";
				PRODUCT_BUNDLE_IDENTIFIER = com.karumi.BoilerplateWars;
				PRODUCT_NAME = "$(TARGET_NAME)";
				SWIFT_VERSION = 4.0;
				TARGETED_DEVICE_FAMILY = "1,2";
			};
			name = Debug;
		};
		A16DCA9D1FCCD8BF007EB7F6 /* Release */ = {
			isa = XCBuildConfiguration;
			buildSettings = {
				ASSETCATALOG_COMPILER_APPICON_NAME = AppIcon;
				CODE_SIGN_STYLE = Automatic;
				DEVELOPMENT_TEAM = BD48FG9BMV;
				INFOPLIST_FILE = BoilerplateWars/Info.plist;
				LD_RUNPATH_SEARCH_PATHS = "$(inherited) @executable_path/Frameworks";
				PRODUCT_BUNDLE_IDENTIFIER = com.karumi.BoilerplateWars;
				PRODUCT_NAME = "$(TARGET_NAME)";
				SWIFT_VERSION = 4.0;
				TARGETED_DEVICE_FAMILY = "1,2";
			};
			name = Release;
		};
		A16DCA9F1FCCD8BF007EB7F6 /* Debug */ = {
			isa = XCBuildConfiguration;
			buildSettings = {
				ALWAYS_EMBED_SWIFT_STANDARD_LIBRARIES = YES;
				BUNDLE_LOADER = "$(TEST_HOST)";
				CODE_SIGN_STYLE = Automatic;
				DEVELOPMENT_TEAM = BD48FG9BMV;
				INFOPLIST_FILE = BoilerplateWarsTests/Info.plist;
				LD_RUNPATH_SEARCH_PATHS = "$(inherited) @executable_path/Frameworks @loader_path/Frameworks";
				PRODUCT_BUNDLE_IDENTIFIER = com.karumi.BoilerplateWarsTests;
				PRODUCT_NAME = "$(TARGET_NAME)";
				SWIFT_VERSION = 4.0;
				TARGETED_DEVICE_FAMILY = "1,2";
				TEST_HOST = "$(BUILT_PRODUCTS_DIR)/BoilerplateWars.app/BoilerplateWars";
			};
			name = Debug;
		};
		A16DCAA01FCCD8BF007EB7F6 /* Release */ = {
			isa = XCBuildConfiguration;
			buildSettings = {
				ALWAYS_EMBED_SWIFT_STANDARD_LIBRARIES = YES;
				BUNDLE_LOADER = "$(TEST_HOST)";
				CODE_SIGN_STYLE = Automatic;
				DEVELOPMENT_TEAM = BD48FG9BMV;
				INFOPLIST_FILE = BoilerplateWarsTests/Info.plist;
				LD_RUNPATH_SEARCH_PATHS = "$(inherited) @executable_path/Frameworks @loader_path/Frameworks";
				PRODUCT_BUNDLE_IDENTIFIER = com.karumi.BoilerplateWarsTests;
				PRODUCT_NAME = "$(TARGET_NAME)";
				SWIFT_VERSION = 4.0;
				TARGETED_DEVICE_FAMILY = "1,2";
				TEST_HOST = "$(BUILT_PRODUCTS_DIR)/BoilerplateWars.app/BoilerplateWars";
			};
			name = Release;
		};
/* End XCBuildConfiguration section */

/* Begin XCConfigurationList section */
		A16DCA791FCCD8BE007EB7F6 /* Build configuration list for PBXProject "BoilerplateWars" */ = {
			isa = XCConfigurationList;
			buildConfigurations = (
				A16DCA991FCCD8BF007EB7F6 /* Debug */,
				A16DCA9A1FCCD8BF007EB7F6 /* Release */,
			);
			defaultConfigurationIsVisible = 0;
			defaultConfigurationName = Release;
		};
		A16DCA9B1FCCD8BF007EB7F6 /* Build configuration list for PBXNativeTarget "BoilerplateWars" */ = {
			isa = XCConfigurationList;
			buildConfigurations = (
				A16DCA9C1FCCD8BF007EB7F6 /* Debug */,
				A16DCA9D1FCCD8BF007EB7F6 /* Release */,
			);
			defaultConfigurationIsVisible = 0;
			defaultConfigurationName = Release;
		};
		A16DCA9E1FCCD8BF007EB7F6 /* Build configuration list for PBXNativeTarget "BoilerplateWarsTests" */ = {
			isa = XCConfigurationList;
			buildConfigurations = (
				A16DCA9F1FCCD8BF007EB7F6 /* Debug */,
				A16DCAA01FCCD8BF007EB7F6 /* Release */,
			);
			defaultConfigurationIsVisible = 0;
			defaultConfigurationName = Release;
		};
/* End XCConfigurationList section */
	};
	rootObject = A16DCA761FCCD8BE007EB7F6 /* Project object */;
}
